
Microsoft Visual Studio Solution File, Format Version 12.00
# Visual Studio Version 17
VisualStudioVersion = 17.3.32929.385
MinimumVisualStudioVersion = 10.0.40219.1
Project("{9A19103F-16F7-4668-BE54-9A1E7A4F7556}") = "Matcher.Server", "Matcher\Server\Matcher.Server.csproj", "{6508AD91-B570-4533-9054-078164E1E598}"
EndProject
Project("{9A19103F-16F7-4668-BE54-9A1E7A4F7556}") = "Matcher.Client", "Matcher\Client\Matcher.Client.csproj", "{4641015F-C405-42CB-87F1-F1A101801C08}"
EndProject
Project("{9A19103F-16F7-4668-BE54-9A1E7A4F7556}") = "Matcher.Shared", "Matcher\Shared\Matcher.Shared.csproj", "{331E36F3-EC11-444F-8AB1-8EE726E304B2}"
EndProject
Global
	GlobalSection(SolutionConfigurationPlatforms) = preSolution
		Debug|Any CPU = Debug|Any CPU
		Release|Any CPU = Release|Any CPU
	EndGlobalSection
	GlobalSection(ProjectConfigurationPlatforms) = postSolution
		{6508AD91-B570-4533-9054-078164E1E598}.Debug|Any CPU.ActiveCfg = Debug|Any CPU
		{6508AD91-B570-4533-9054-078164E1E598}.Debug|Any CPU.Build.0 = Debug|Any CPU
		{6508AD91-B570-4533-9054-078164E1E598}.Release|Any CPU.ActiveCfg = Release|Any CPU
		{6508AD91-B570-4533-9054-078164E1E598}.Release|Any CPU.Build.0 = Release|Any CPU
		{4641015F-C405-42CB-87F1-F1A101801C08}.Debug|Any CPU.ActiveCfg = Debug|Any CPU
		{4641015F-C405-42CB-87F1-F1A101801C08}.Debug|Any CPU.Build.0 = Debug|Any CPU
		{4641015F-C405-42CB-87F1-F1A101801C08}.Release|Any CPU.ActiveCfg = Release|Any CPU
		{4641015F-C405-42CB-87F1-F1A101801C08}.Release|Any CPU.Build.0 = Release|Any CPU
		{331E36F3-EC11-444F-8AB1-8EE726E304B2}.Debug|Any CPU.ActiveCfg = Debug|Any CPU
		{331E36F3-EC11-444F-8AB1-8EE726E304B2}.Debug|Any CPU.Build.0 = Debug|Any CPU
		{331E36F3-EC11-444F-8AB1-8EE726E304B2}.Release|Any CPU.ActiveCfg = Release|Any CPU
		{331E36F3-EC11-444F-8AB1-8EE726E304B2}.Release|Any CPU.Build.0 = Release|Any CPU
	EndGlobalSection
	GlobalSection(SolutionProperties) = preSolution
		HideSolutionNode = FALSE
	EndGlobalSection
	GlobalSection(ExtensibilityGlobals) = postSolution
		SolutionGuid = {4F1D6D03-9BF1-43E6-8C31-B80D5B4CA562}
	EndGlobalSection
EndGlobal
